
Microsoft Visual Studio Solution File, Format Version 12.00
# Visual Studio 14
VisualStudioVersion = 14.0.25420.1
MinimumVisualStudioVersion = 10.0.40219.1
Project("{2150E333-8FDC-42A3-9474-1A3956D46DE8}") = "Chapter 2", "Chapter 2", "{D3BC18DE-6194-49B7-A5A3-959933BFE537}"
EndProject
Project("{FAE04EC0-301F-11D3-BF4B-00C04F79EFBC}") = "DashDocs", "Chapter 2\DashDocs.csproj", "{B9703480-59D5-4DA4-BA86-F24C955A9BE9}"
EndProject
Project("{2150E333-8FDC-42A3-9474-1A3956D46DE8}") = "Chapter 3", "Chapter 3", "{83B7D99C-59E3-4A7A-98FE-B9DC4AA08233}"
EndProject
Project("{FAE04EC0-301F-11D3-BF4B-00C04F79EFBC}") = "DashDocs", "Chapter 3\DashDocs.csproj", "{5A0789B0-F15C-49A0-A630-3BF91125BF25}"
EndProject
Project("{2150E333-8FDC-42A3-9474-1A3956D46DE8}") = "Chapter 4", "Chapter 4", "{24E359BB-CC17-4B6C-B86E-722699775615}"
EndProject
Project("{FAE04EC0-301F-11D3-BF4B-00C04F79EFBC}") = "DashDocs", "Chapter 4\DashDocs.csproj", "{6CD4F8A1-6C62-4C7D-801E-4C18F766F481}"
EndProject
Project("{2150E333-8FDC-42A3-9474-1A3956D46DE8}") = "Chapter 5", "Chapter 5", "{FEE686A3-4F54-4BF0-9F5C-6FB8C7E71FED}"
EndProject
Project("{FAE04EC0-301F-11D3-BF4B-00C04F79EFBC}") = "DashDocs", "Chapter 5\DashDocs.csproj", "{7C1A467F-CAD0-440C-AADF-7E09D007EB76}"
EndProject
Project("{2150E333-8FDC-42A3-9474-1A3956D46DE8}") = "Chapter 6", "Chapter 6", "{EC236669-2597-498E-8054-7ADC1ED79376}"
EndProject
Project("{FAE04EC0-301F-11D3-BF4B-00C04F79EFBC}") = "DashDocs", "Chapter 6\DashDocs.csproj", "{B8F1EC96-A20B-4499-BE67-D73CCE9CE133}"
EndProject
Project("{2150E333-8FDC-42A3-9474-1A3956D46DE8}") = "Chapter 7", "Chapter 7", "{5AB9535A-DE28-4CE6-A0F6-570EC69A77A6}"
EndProject
Project("{FAE04EC0-301F-11D3-BF4B-00C04F79EFBC}") = "DashDocs", "Chapter 7\DashDocs.csproj", "{9A7DA7D8-6A56-4583-B156-5019E5C84DCF}"
EndProject
Project("{2150E333-8FDC-42A3-9474-1A3956D46DE8}") = "Chapter 8", "Chapter 8", "{C235C414-C82C-4A38-9301-945551376C0F}"
EndProject
Project("{FAE04EC0-301F-11D3-BF4B-00C04F79EFBC}") = "DashDocs", "Chapter 8\DashDocs.csproj", "{5743827F-9E57-4E43-8149-DFF1ADBC144E}"
EndProject
Project("{2150E333-8FDC-42A3-9474-1A3956D46DE8}") = "DashDocs", "DashDocs", "{E1FCCE31-DD06-4499-99DA-27A212BFA83F}"
EndProject
Project("{FAE04EC0-301F-11D3-BF4B-00C04F79EFBC}") = "DashDocs", "DashDocs\DashDocs.csproj", "{2D113F1B-2FA5-40B0-904A-5CA6DD8B6939}"
EndProject
Global
	GlobalSection(SolutionConfigurationPlatforms) = preSolution
		Debug|Any CPU = Debug|Any CPU
		Release|Any CPU = Release|Any CPU
	EndGlobalSection
	GlobalSection(ProjectConfigurationPlatforms) = postSolution
		{B9703480-59D5-4DA4-BA86-F24C955A9BE9}.Debug|Any CPU.ActiveCfg = Debug|Any CPU
		{B9703480-59D5-4DA4-BA86-F24C955A9BE9}.Debug|Any CPU.Build.0 = Debug|Any CPU
		{B9703480-59D5-4DA4-BA86-F24C955A9BE9}.Release|Any CPU.ActiveCfg = Release|Any CPU
		{B9703480-59D5-4DA4-BA86-F24C955A9BE9}.Release|Any CPU.Build.0 = Release|Any CPU
		{5A0789B0-F15C-49A0-A630-3BF91125BF25}.Debug|Any CPU.ActiveCfg = Debug|Any CPU
		{5A0789B0-F15C-49A0-A630-3BF91125BF25}.Debug|Any CPU.Build.0 = Debug|Any CPU
		{5A0789B0-F15C-49A0-A630-3BF91125BF25}.Release|Any CPU.ActiveCfg = Release|Any CPU
		{5A0789B0-F15C-49A0-A630-3BF91125BF25}.Release|Any CPU.Build.0 = Release|Any CPU
		{6CD4F8A1-6C62-4C7D-801E-4C18F766F481}.Debug|Any CPU.ActiveCfg = Debug|Any CPU
		{6CD4F8A1-6C62-4C7D-801E-4C18F766F481}.Debug|Any CPU.Build.0 = Debug|Any CPU
		{6CD4F8A1-6C62-4C7D-801E-4C18F766F481}.Release|Any CPU.ActiveCfg = Release|Any CPU
		{6CD4F8A1-6C62-4C7D-801E-4C18F766F481}.Release|Any CPU.Build.0 = Release|Any CPU
		{7C1A467F-CAD0-440C-AADF-7E09D007EB76}.Debug|Any CPU.ActiveCfg = Debug|Any CPU
		{7C1A467F-CAD0-440C-AADF-7E09D007EB76}.Debug|Any CPU.Build.0 = Debug|Any CPU
		{7C1A467F-CAD0-440C-AADF-7E09D007EB76}.Release|Any CPU.ActiveCfg = Release|Any CPU
		{7C1A467F-CAD0-440C-AADF-7E09D007EB76}.Release|Any CPU.Build.0 = Release|Any CPU
		{B8F1EC96-A20B-4499-BE67-D73CCE9CE133}.Debug|Any CPU.ActiveCfg = Debug|Any CPU
		{B8F1EC96-A20B-4499-BE67-D73CCE9CE133}.Debug|Any CPU.Build.0 = Debug|Any CPU
		{B8F1EC96-A20B-4499-BE67-D73CCE9CE133}.Release|Any CPU.ActiveCfg = Release|Any CPU
		{B8F1EC96-A20B-4499-BE67-D73CCE9CE133}.Release|Any CPU.Build.0 = Release|Any CPU
		{9A7DA7D8-6A56-4583-B156-5019E5C84DCF}.Debug|Any CPU.ActiveCfg = Debug|Any CPU
		{9A7DA7D8-6A56-4583-B156-5019E5C84DCF}.Debug|Any CPU.Build.0 = Debug|Any CPU
		{9A7DA7D8-6A56-4583-B156-5019E5C84DCF}.Release|Any CPU.ActiveCfg = Release|Any CPU
		{9A7DA7D8-6A56-4583-B156-5019E5C84DCF}.Release|Any CPU.Build.0 = Release|Any CPU
		{5743827F-9E57-4E43-8149-DFF1ADBC144E}.Debug|Any CPU.ActiveCfg = Debug|Any CPU
		{5743827F-9E57-4E43-8149-DFF1ADBC144E}.Debug|Any CPU.Build.0 = Debug|Any CPU
		{5743827F-9E57-4E43-8149-DFF1ADBC144E}.Release|Any CPU.ActiveCfg = Release|Any CPU
		{5743827F-9E57-4E43-8149-DFF1ADBC144E}.Release|Any CPU.Build.0 = Release|Any CPU
		{2D113F1B-2FA5-40B0-904A-5CA6DD8B6939}.Debug|Any CPU.ActiveCfg = Debug|Any CPU
		{2D113F1B-2FA5-40B0-904A-5CA6DD8B6939}.Debug|Any CPU.Build.0 = Debug|Any CPU
		{2D113F1B-2FA5-40B0-904A-5CA6DD8B6939}.Release|Any CPU.ActiveCfg = Release|Any CPU
		{2D113F1B-2FA5-40B0-904A-5CA6DD8B6939}.Release|Any CPU.Build.0 = Release|Any CPU
	EndGlobalSection
	GlobalSection(SolutionProperties) = preSolution
		HideSolutionNode = FALSE
	EndGlobalSection
	GlobalSection(NestedProjects) = preSolution
		{B9703480-59D5-4DA4-BA86-F24C955A9BE9} = {D3BC18DE-6194-49B7-A5A3-959933BFE537}
		{5A0789B0-F15C-49A0-A630-3BF91125BF25} = {83B7D99C-59E3-4A7A-98FE-B9DC4AA08233}
		{6CD4F8A1-6C62-4C7D-801E-4C18F766F481} = {24E359BB-CC17-4B6C-B86E-722699775615}
		{7C1A467F-CAD0-440C-AADF-7E09D007EB76} = {FEE686A3-4F54-4BF0-9F5C-6FB8C7E71FED}
		{B8F1EC96-A20B-4499-BE67-D73CCE9CE133} = {EC236669-2597-498E-8054-7ADC1ED79376}
		{9A7DA7D8-6A56-4583-B156-5019E5C84DCF} = {5AB9535A-DE28-4CE6-A0F6-570EC69A77A6}
		{5743827F-9E57-4E43-8149-DFF1ADBC144E} = {C235C414-C82C-4A38-9301-945551376C0F}
		{2D113F1B-2FA5-40B0-904A-5CA6DD8B6939} = {E1FCCE31-DD06-4499-99DA-27A212BFA83F}
	EndGlobalSection
EndGlobal
